
Microsoft Visual Studio Solution File, Format Version 12.00
# Visual Studio Version 17
VisualStudioVersion = 17.0.31903.59
MinimumVisualStudioVersion = 10.0.40219.1
Project("{2150E333-8FDC-42A3-9474-1A3956D46DE8}") = "Launcher", "Launcher", "{740C5202-8AD2-6D86-0CA9-F95B1A2D697C}"
EndProject
Project("{FAE04EC0-301F-11D3-BF4B-00C04F79EFBC}") = "Valheim-Online_Launcher", "Launcher\Valheim-Online_Launcher.csproj", "{482D14FF-B768-4916-9D08-0590495CDF2D}"
EndProject
Project("{FAE04EC0-301F-11D3-BF4B-00C04F79EFBC}") = "Launcher.Core", "Launcher.Core\Launcher.Core.csproj", "{25E53FC2-CBE2-4E02-9645-80461BAA3303}"
EndProject
Project("{FAE04EC0-301F-11D3-BF4B-00C04F79EFBC}") = "Launcher.Cli", "Launcher.Cli\Launcher.Cli.csproj", "{A7387A17-187B-454B-B711-61C818D3EF42}"
EndProject
Project("{FAE04EC0-301F-11D3-BF4B-00C04F79EFBC}") = "Launcher.Tests", "Launcher.Tests\Launcher.Tests.csproj", "{47D85DDF-B303-4A62-91E9-16CD0BB64BD5}"
EndProject
Project("{FAE04EC0-301F-11D3-BF4B-00C04F79EFBC}") = "Indexer", "Indexer\Indexer.csproj", "{A69884DE-C2AB-48A8-8368-B0D432F9C232}"
EndProject
Project("{FAE04EC0-301F-11D3-BF4B-00C04F79EFBC}") = "Indexer.Tests", "Indexer.Tests\Indexer.Tests.csproj", "{4FC7643C-AEA7-4A4C-9053-4DAD81B76E68}"
EndProject
Project("{FAE04EC0-301F-11D3-BF4B-00C04F79EFBC}") = "Launcher.Avalonia", "Launcher.Avalonia\Launcher.Avalonia.csproj", "{78B1ACAB-63A7-411F-949D-4304B81DA8F0}"
EndProject
Global
	GlobalSection(SolutionConfigurationPlatforms) = preSolution
		Debug|Any CPU = Debug|Any CPU
		Debug|x64 = Debug|x64
		Debug|x86 = Debug|x86
		Release|Any CPU = Release|Any CPU
		Release|x64 = Release|x64
		Release|x86 = Release|x86
	EndGlobalSection
	GlobalSection(ProjectConfigurationPlatforms) = postSolution
		{482D14FF-B768-4916-9D08-0590495CDF2D}.Debug|Any CPU.ActiveCfg = Debug|Any CPU
		{482D14FF-B768-4916-9D08-0590495CDF2D}.Debug|Any CPU.Build.0 = Debug|Any CPU
		{482D14FF-B768-4916-9D08-0590495CDF2D}.Debug|x64.ActiveCfg = Debug|Any CPU
		{482D14FF-B768-4916-9D08-0590495CDF2D}.Debug|x64.Build.0 = Debug|Any CPU
		{482D14FF-B768-4916-9D08-0590495CDF2D}.Debug|x86.ActiveCfg = Debug|Any CPU
		{482D14FF-B768-4916-9D08-0590495CDF2D}.Debug|x86.Build.0 = Debug|Any CPU
		{482D14FF-B768-4916-9D08-0590495CDF2D}.Release|Any CPU.ActiveCfg = Release|Any CPU
		{482D14FF-B768-4916-9D08-0590495CDF2D}.Release|Any CPU.Build.0 = Release|Any CPU
		{482D14FF-B768-4916-9D08-0590495CDF2D}.Release|x64.ActiveCfg = Release|Any CPU
		{482D14FF-B768-4916-9D08-0590495CDF2D}.Release|x64.Build.0 = Release|Any CPU
		{482D14FF-B768-4916-9D08-0590495CDF2D}.Release|x86.ActiveCfg = Release|Any CPU
		{482D14FF-B768-4916-9D08-0590495CDF2D}.Release|x86.Build.0 = Release|Any CPU
		{25E53FC2-CBE2-4E02-9645-80461BAA3303}.Debug|Any CPU.ActiveCfg = Debug|Any CPU
		{25E53FC2-CBE2-4E02-9645-80461BAA3303}.Debug|Any CPU.Build.0 = Debug|Any CPU
		{25E53FC2-CBE2-4E02-9645-80461BAA3303}.Debug|x64.ActiveCfg = Debug|Any CPU
		{25E53FC2-CBE2-4E02-9645-80461BAA3303}.Debug|x64.Build.0 = Debug|Any CPU
		{25E53FC2-CBE2-4E02-9645-80461BAA3303}.Debug|x86.ActiveCfg = Debug|Any CPU
		{25E53FC2-CBE2-4E02-9645-80461BAA3303}.Debug|x86.Build.0 = Debug|Any CPU
		{25E53FC2-CBE2-4E02-9645-80461BAA3303}.Release|Any CPU.ActiveCfg = Release|Any CPU
		{25E53FC2-CBE2-4E02-9645-80461BAA3303}.Release|Any CPU.Build.0 = Release|Any CPU
		{25E53FC2-CBE2-4E02-9645-80461BAA3303}.Release|x64.ActiveCfg = Release|Any CPU
		{25E53FC2-CBE2-4E02-9645-80461BAA3303}.Release|x64.Build.0 = Release|Any CPU
		{25E53FC2-CBE2-4E02-9645-80461BAA3303}.Release|x86.ActiveCfg = Release|Any CPU
		{25E53FC2-CBE2-4E02-9645-80461BAA3303}.Release|x86.Build.0 = Release|Any CPU
		{A7387A17-187B-454B-B711-61C818D3EF42}.Debug|Any CPU.ActiveCfg = Debug|Any CPU
		{A7387A17-187B-454B-B711-61C818D3EF42}.Debug|Any CPU.Build.0 = Debug|Any CPU
		{A7387A17-187B-454B-B711-61C818D3EF42}.Debug|x64.ActiveCfg = Debug|Any CPU
		{A7387A17-187B-454B-B711-61C818D3EF42}.Debug|x64.Build.0 = Debug|Any CPU
		{A7387A17-187B-454B-B711-61C818D3EF42}.Debug|x86.ActiveCfg = Debug|Any CPU
		{A7387A17-187B-454B-B711-61C818D3EF42}.Debug|x86.Build.0 = Debug|Any CPU
		{A7387A17-187B-454B-B711-61C818D3EF42}.Release|Any CPU.ActiveCfg = Release|Any CPU
		{A7387A17-187B-454B-B711-61C818D3EF42}.Release|Any CPU.Build.0 = Release|Any CPU
		{A7387A17-187B-454B-B711-61C818D3EF42}.Release|x64.ActiveCfg = Release|Any CPU
		{A7387A17-187B-454B-B711-61C818D3EF42}.Release|x64.Build.0 = Release|Any CPU
		{A7387A17-187B-454B-B711-61C818D3EF42}.Release|x86.ActiveCfg = Release|Any CPU
		{A7387A17-187B-454B-B711-61C818D3EF42}.Release|x86.Build.0 = Release|Any CPU
		{47D85DDF-B303-4A62-91E9-16CD0BB64BD5}.Debug|Any CPU.ActiveCfg = Debug|Any CPU
		{47D85DDF-B303-4A62-91E9-16CD0BB64BD5}.Debug|Any CPU.Build.0 = Debug|Any CPU
		{47D85DDF-B303-4A62-91E9-16CD0BB64BD5}.Debug|x64.ActiveCfg = Debug|Any CPU
		{47D85DDF-B303-4A62-91E9-16CD0BB64BD5}.Debug|x64.Build.0 = Debug|Any CPU
		{47D85DDF-B303-4A62-91E9-16CD0BB64BD5}.Debug|x86.ActiveCfg = Debug|Any CPU
		{47D85DDF-B303-4A62-91E9-16CD0BB64BD5}.Debug|x86.Build.0 = Debug|Any CPU
		{47D85DDF-B303-4A62-91E9-16CD0BB64BD5}.Release|Any CPU.ActiveCfg = Release|Any CPU
		{47D85DDF-B303-4A62-91E9-16CD0BB64BD5}.Release|Any CPU.Build.0 = Release|Any CPU
		{47D85DDF-B303-4A62-91E9-16CD0BB64BD5}.Release|x64.ActiveCfg = Release|Any CPU
		{47D85DDF-B303-4A62-91E9-16CD0BB64BD5}.Release|x64.Build.0 = Release|Any CPU
		{47D85DDF-B303-4A62-91E9-16CD0BB64BD5}.Release|x86.ActiveCfg = Release|Any CPU
		{47D85DDF-B303-4A62-91E9-16CD0BB64BD5}.Release|x86.Build.0 = Release|Any CPU
		{A69884DE-C2AB-48A8-8368-B0D432F9C232}.Debug|Any CPU.ActiveCfg = Debug|Any CPU
		{A69884DE-C2AB-48A8-8368-B0D432F9C232}.Debug|Any CPU.Build.0 = Debug|Any CPU
		{A69884DE-C2AB-48A8-8368-B0D432F9C232}.Debug|x64.ActiveCfg = Debug|Any CPU
		{A69884DE-C2AB-48A8-8368-B0D432F9C232}.Debug|x64.Build.0 = Debug|Any CPU
		{A69884DE-C2AB-48A8-8368-B0D432F9C232}.Debug|x86.ActiveCfg = Debug|Any CPU
		{A69884DE-C2AB-48A8-8368-B0D432F9C232}.Debug|x86.Build.0 = Debug|Any CPU
		{A69884DE-C2AB-48A8-8368-B0D432F9C232}.Release|Any CPU.ActiveCfg = Release|Any CPU
		{A69884DE-C2AB-48A8-8368-B0D432F9C232}.Release|Any CPU.Build.0 = Release|Any CPU
		{A69884DE-C2AB-48A8-8368-B0D432F9C232}.Release|x64.ActiveCfg = Release|Any CPU
		{A69884DE-C2AB-48A8-8368-B0D432F9C232}.Release|x64.Build.0 = Release|Any CPU
		{A69884DE-C2AB-48A8-8368-B0D432F9C232}.Release|x86.ActiveCfg = Release|Any CPU
		{A69884DE-C2AB-48A8-8368-B0D432F9C232}.Release|x86.Build.0 = Release|Any CPU
		{4FC7643C-AEA7-4A4C-9053-4DAD81B76E68}.Debug|Any CPU.ActiveCfg = Debug|Any CPU
		{4FC7643C-AEA7-4A4C-9053-4DAD81B76E68}.Debug|Any CPU.Build.0 = Debug|Any CPU
		{4FC7643C-AEA7-4A4C-9053-4DAD81B76E68}.Debug|x64.ActiveCfg = Debug|Any CPU
		{4FC7643C-AEA7-4A4C-9053-4DAD81B76E68}.Debug|x64.Build.0 = Debug|Any CPU
		{4FC7643C-AEA7-4A4C-9053-4DAD81B76E68}.Debug|x86.ActiveCfg = Debug|Any CPU
		{4FC7643C-AEA7-4A4C-9053-4DAD81B76E68}.Debug|x86.Build.0 = Debug|Any CPU
		{4FC7643C-AEA7-4A4C-9053-4DAD81B76E68}.Release|Any CPU.ActiveCfg = Release|Any CPU
		{4FC7643C-AEA7-4A4C-9053-4DAD81B76E68}.Release|Any CPU.Build.0 = Release|Any CPU
		{4FC7643C-AEA7-4A4C-9053-4DAD81B76E68}.Release|x64.ActiveCfg = Release|Any CPU
		{4FC7643C-AEA7-4A4C-9053-4DAD81B76E68}.Release|x64.Build.0 = Release|Any CPU
		{4FC7643C-AEA7-4A4C-9053-4DAD81B76E68}.Release|x86.ActiveCfg = Release|Any CPU
		{4FC7643C-AEA7-4A4C-9053-4DAD81B76E68}.Release|x86.Build.0 = Release|Any CPU
		{78B1ACAB-63A7-411F-949D-4304B81DA8F0}.Debug|Any CPU.ActiveCfg = Debug|Any CPU
		{78B1ACAB-63A7-411F-949D-4304B81DA8F0}.Debug|Any CPU.Build.0 = Debug|Any CPU
		{78B1ACAB-63A7-411F-949D-4304B81DA8F0}.Debug|x64.ActiveCfg = Debug|Any CPU
		{78B1ACAB-63A7-411F-949D-4304B81DA8F0}.Debug|x64.Build.0 = Debug|Any CPU
		{78B1ACAB-63A7-411F-949D-4304B81DA8F0}.Debug|x86.ActiveCfg = Debug|Any CPU
		{78B1ACAB-63A7-411F-949D-4304B81DA8F0}.Debug|x86.Build.0 = Debug|Any CPU
		{78B1ACAB-63A7-411F-949D-4304B81DA8F0}.Release|Any CPU.ActiveCfg = Release|Any CPU
		{78B1ACAB-63A7-411F-949D-4304B81DA8F0}.Release|Any CPU.Build.0 = Release|Any CPU
		{78B1ACAB-63A7-411F-949D-4304B81DA8F0}.Release|x64.ActiveCfg = Release|Any CPU
		{78B1ACAB-63A7-411F-949D-4304B81DA8F0}.Release|x64.Build.0 = Release|Any CPU
		{78B1ACAB-63A7-411F-949D-4304B81DA8F0}.Release|x86.ActiveCfg = Release|Any CPU
		{78B1ACAB-63A7-411F-949D-4304B81DA8F0}.Release|x86.Build.0 = Release|Any CPU
	EndGlobalSection
	GlobalSection(SolutionProperties) = preSolution
		HideSolutionNode = FALSE
	EndGlobalSection
	GlobalSection(NestedProjects) = preSolution
		{482D14FF-B768-4916-9D08-0590495CDF2D} = {740C5202-8AD2-6D86-0CA9-F95B1A2D697C}
		{25E53FC2-CBE2-4E02-9645-80461BAA3303} = {740C5202-8AD2-6D86-0CA9-F95B1A2D697C}
		{A7387A17-187B-454B-B711-61C818D3EF42} = {740C5202-8AD2-6D86-0CA9-F95B1A2D697C}
		{47D85DDF-B303-4A62-91E9-16CD0BB64BD5} = {740C5202-8AD2-6D86-0CA9-F95B1A2D697C}
		{A69884DE-C2AB-48A8-8368-B0D432F9C232} = {740C5202-8AD2-6D86-0CA9-F95B1A2D697C}
		{4FC7643C-AEA7-4A4C-9053-4DAD81B76E68} = {740C5202-8AD2-6D86-0CA9-F95B1A2D697C}
		{78B1ACAB-63A7-411F-949D-4304B81DA8F0} = {740C5202-8AD2-6D86-0CA9-F95B1A2D697C}
	EndGlobalSection
EndGlobal
